
Microsoft Visual Studio Solution File, Format Version 12.00
# Visual Studio Version 16
VisualStudioVersion = 16.0.28922.388
MinimumVisualStudioVersion = 10.0.40219.1
Project("{FAE04EC0-301F-11D3-BF4B-00C04F79EFBC}") = "AccuVQuiz", "AccuVQuiz\AccuVQuiz.csproj", "{9D643DE7-A8B3-4C95-8ECE-B92EFC8FFC97}"
EndProject
Global
	GlobalSection(SolutionConfigurationPlatforms) = preSolution
		Debug|Any CPU = Debug|Any CPU
		Release|Any CPU = Release|Any CPU
	EndGlobalSection
	GlobalSection(ProjectConfigurationPlatforms) = postSolution
		{9D643DE7-A8B3-4C95-8ECE-B92EFC8FFC97}.Debug|Any CPU.ActiveCfg = Debug|Any CPU
		{9D643DE7-A8B3-4C95-8ECE-B92EFC8FFC97}.Debug|Any CPU.Build.0 = Debug|Any CPU
		{9D643DE7-A8B3-4C95-8ECE-B92EFC8FFC97}.Release|Any CPU.ActiveCfg = Release|Any CPU
		{9D643DE7-A8B3-4C95-8ECE-B92EFC8FFC97}.Release|Any CPU.Build.0 = Release|Any CPU
	EndGlobalSection
	GlobalSection(SolutionProperties) = preSolution
		HideSolutionNode = FALSE
	EndGlobalSection
	GlobalSection(ExtensibilityGlobals) = postSolution
		SolutionGuid = {19CE18F2-0B72-426E-BD36-212AE8E9B576}
	EndGlobalSection
EndGlobal
